// !$*UTF8*$!
{
	archiveVersion = 1;
	classes = {
	};
	objectVersion = 50;
	objects = {

/* Begin PBXBuildFile section */
		1804F58124419D510016879B /* AppDelegate.swift in Sources */ = {isa = PBXBuildFile; fileRef = 1804F58024419D510016879B /* AppDelegate.swift */; };
		1804F58524419D510016879B /* SearchViewController.swift in Sources */ = {isa = PBXBuildFile; fileRef = 1804F58424419D510016879B /* SearchViewController.swift */; };
		1804F58A24419D520016879B /* Assets.xcassets in Resources */ = {isa = PBXBuildFile; fileRef = 1804F58924419D520016879B /* Assets.xcassets */; };
		1804F58D24419D520016879B /* LaunchScreen.storyboard in Resources */ = {isa = PBXBuildFile; fileRef = 1804F58B24419D520016879B /* LaunchScreen.storyboard */; };
		1804F5952441A0920016879B /* NATabbarViewController.swift in Sources */ = {isa = PBXBuildFile; fileRef = 1804F5942441A0920016879B /* NATabbarViewController.swift */; };
		1804F59C2441A6AE0016879B /* FavoriteViewController.swift in Sources */ = {isa = PBXBuildFile; fileRef = 1804F59B2441A6AE0016879B /* FavoriteViewController.swift */; };
		1804F59E2441A7750016879B /* UIImage+Extension.swift in Sources */ = {isa = PBXBuildFile; fileRef = 1804F59D2441A7750016879B /* UIImage+Extension.swift */; };
		1804F5A02441B1740016879B /* UIView+Extension.swift in Sources */ = {isa = PBXBuildFile; fileRef = 1804F59F2441B1740016879B /* UIView+Extension.swift */; };
		1804F5A22441CC250016879B /* ContentViewController.swift in Sources */ = {isa = PBXBuildFile; fileRef = 1804F5A12441CC250016879B /* ContentViewController.swift */; };
		1804F5A42441CECA0016879B /* CustomCollectionViewCell.swift in Sources */ = {isa = PBXBuildFile; fileRef = 1804F5A32441CECA0016879B /* CustomCollectionViewCell.swift */; };
		1804F5A62441D06B0016879B /* CustomCollectionViewCellModel.swift in Sources */ = {isa = PBXBuildFile; fileRef = 1804F5A52441D06B0016879B /* CustomCollectionViewCellModel.swift */; };
		18F7DE86244204AA006CDF6B /* UICollectionView+Extension.swift in Sources */ = {isa = PBXBuildFile; fileRef = 18F7DE85244204AA006CDF6B /* UICollectionView+Extension.swift */; };
		18F7DE8824421885006CDF6B /* HTTPClient.swift in Sources */ = {isa = PBXBuildFile; fileRef = 18F7DE8724421885006CDF6B /* HTTPClient.swift */; };
		18F7DE8A244218A7006CDF6B /* NAConstant.swift in Sources */ = {isa = PBXBuildFile; fileRef = 18F7DE89244218A7006CDF6B /* NAConstant.swift */; };
		18F7DE8C244218DB006CDF6B /* FlickrRequest.swift in Sources */ = {isa = PBXBuildFile; fileRef = 18F7DE8B244218DB006CDF6B /* FlickrRequest.swift */; };
		18F7DE8E24421CA4006CDF6B /* Bundle+Extension.swift in Sources */ = {isa = PBXBuildFile; fileRef = 18F7DE8D24421CA3006CDF6B /* Bundle+Extension.swift */; };
		18F7DE902442218B006CDF6B /* FlickrProvider.swift in Sources */ = {isa = PBXBuildFile; fileRef = 18F7DE8F2442218B006CDF6B /* FlickrProvider.swift */; };
		18F7DE9224422306006CDF6B /* FlickrObject.swift in Sources */ = {isa = PBXBuildFile; fileRef = 18F7DE9124422305006CDF6B /* FlickrObject.swift */; };
		18F7DE9424422603006CDF6B /* FlickrDataManager.swift in Sources */ = {isa = PBXBuildFile; fileRef = 18F7DE9324422603006CDF6B /* FlickrDataManager.swift */; };
/* End PBXBuildFile section */

/* Begin PBXFileReference section */
		1804F57D24419D510016879B /* FlickrDemo.app */ = {isa = PBXFileReference; explicitFileType = wrapper.application; includeInIndex = 0; path = FlickrDemo.app; sourceTree = BUILT_PRODUCTS_DIR; };
		1804F58024419D510016879B /* AppDelegate.swift */ = {isa = PBXFileReference; lastKnownFileType = sourcecode.swift; path = AppDelegate.swift; sourceTree = "<group>"; };
		1804F58424419D510016879B /* SearchViewController.swift */ = {isa = PBXFileReference; lastKnownFileType = sourcecode.swift; path = SearchViewController.swift; sourceTree = "<group>"; };
		1804F58924419D520016879B /* Assets.xcassets */ = {isa = PBXFileReference; lastKnownFileType = folder.assetcatalog; path = Assets.xcassets; sourceTree = "<group>"; };
		1804F58C24419D520016879B /* Base */ = {isa = PBXFileReference; lastKnownFileType = file.storyboard; name = Base; path = Base.lproj/LaunchScreen.storyboard; sourceTree = "<group>"; };
		1804F58E24419D520016879B /* Info.plist */ = {isa = PBXFileReference; lastKnownFileType = text.plist.xml; path = Info.plist; sourceTree = "<group>"; };
		1804F5942441A0920016879B /* NATabbarViewController.swift */ = {isa = PBXFileReference; lastKnownFileType = sourcecode.swift; path = NATabbarViewController.swift; sourceTree = "<group>"; };
		1804F59B2441A6AE0016879B /* FavoriteViewController.swift */ = {isa = PBXFileReference; lastKnownFileType = sourcecode.swift; path = FavoriteViewController.swift; sourceTree = "<group>"; };
		1804F59D2441A7750016879B /* UIImage+Extension.swift */ = {isa = PBXFileReference; lastKnownFileType = sourcecode.swift; path = "UIImage+Extension.swift"; sourceTree = "<group>"; };
		1804F59F2441B1740016879B /* UIView+Extension.swift */ = {isa = PBXFileReference; lastKnownFileType = sourcecode.swift; path = "UIView+Extension.swift"; sourceTree = "<group>"; };
		1804F5A12441CC250016879B /* ContentViewController.swift */ = {isa = PBXFileReference; lastKnownFileType = sourcecode.swift; path = ContentViewController.swift; sourceTree = "<group>"; };
		1804F5A32441CECA0016879B /* CustomCollectionViewCell.swift */ = {isa = PBXFileReference; lastKnownFileType = sourcecode.swift; path = CustomCollectionViewCell.swift; sourceTree = "<group>"; };
		1804F5A52441D06B0016879B /* CustomCollectionViewCellModel.swift */ = {isa = PBXFileReference; lastKnownFileType = sourcecode.swift; path = CustomCollectionViewCellModel.swift; sourceTree = "<group>"; };
		18F7DE85244204AA006CDF6B /* UICollectionView+Extension.swift */ = {isa = PBXFileReference; lastKnownFileType = sourcecode.swift; path = "UICollectionView+Extension.swift"; sourceTree = "<group>"; };
		18F7DE8724421885006CDF6B /* HTTPClient.swift */ = {isa = PBXFileReference; lastKnownFileType = sourcecode.swift; path = HTTPClient.swift; sourceTree = "<group>"; };
		18F7DE89244218A7006CDF6B /* NAConstant.swift */ = {isa = PBXFileReference; lastKnownFileType = sourcecode.swift; path = NAConstant.swift; sourceTree = "<group>"; };
		18F7DE8B244218DB006CDF6B /* FlickrRequest.swift */ = {isa = PBXFileReference; lastKnownFileType = sourcecode.swift; path = FlickrRequest.swift; sourceTree = "<group>"; };
		18F7DE8D24421CA3006CDF6B /* Bundle+Extension.swift */ = {isa = PBXFileReference; lastKnownFileType = sourcecode.swift; path = "Bundle+Extension.swift"; sourceTree = "<group>"; };
		18F7DE8F2442218B006CDF6B /* FlickrProvider.swift */ = {isa = PBXFileReference; lastKnownFileType = sourcecode.swift; path = FlickrProvider.swift; sourceTree = "<group>"; };
		18F7DE9124422305006CDF6B /* FlickrObject.swift */ = {isa = PBXFileReference; lastKnownFileType = sourcecode.swift; path = FlickrObject.swift; sourceTree = "<group>"; };
		18F7DE9324422603006CDF6B /* FlickrDataManager.swift */ = {isa = PBXFileReference; lastKnownFileType = sourcecode.swift; path = FlickrDataManager.swift; sourceTree = "<group>"; };
/* End PBXFileReference section */

/* Begin PBXFrameworksBuildPhase section */
		1804F57A24419D510016879B /* Frameworks */ = {
			isa = PBXFrameworksBuildPhase;
			buildActionMask = 2147483647;
			files = (
			);
			runOnlyForDeploymentPostprocessing = 0;
		};
/* End PBXFrameworksBuildPhase section */

/* Begin PBXGroup section */
		1804F57424419D510016879B = {
			isa = PBXGroup;
			children = (
				1804F57F24419D510016879B /* FlickrDemo */,
				1804F57E24419D510016879B /* Products */,
			);
			sourceTree = "<group>";
		};
		1804F57E24419D510016879B /* Products */ = {
			isa = PBXGroup;
			children = (
				1804F57D24419D510016879B /* FlickrDemo.app */,
			);
			name = Products;
			sourceTree = "<group>";
		};
		1804F57F24419D510016879B /* FlickrDemo */ = {
			isa = PBXGroup;
			children = (
				1804F58024419D510016879B /* AppDelegate.swift */,
				1804F59A2441A0EC0016879B /* Extension */,
				1804F5992441A0DC0016879B /* Resource */,
				1804F5982441A0B10016879B /* Model */,
				1804F5972441A0AB0016879B /* View */,
				1804F5962441A0980016879B /* Controller */,
				1804F58E24419D520016879B /* Info.plist */,
			);
			path = FlickrDemo;
			sourceTree = "<group>";
		};
		1804F5962441A0980016879B /* Controller */ = {
			isa = PBXGroup;
			children = (
				18F72BDB24431148005F747B /* Tabbar */,
				18F72BDC24431163005F747B /* Favorite */,
				18F72BDE24431189005F747B /* Search */,
				18F72BDD24431171005F747B /* Content */,
			);
			path = Controller;
			sourceTree = "<group>";
		};
		1804F5972441A0AB0016879B /* View */ = {
			isa = PBXGroup;
			children = (
				1804F5A32441CECA0016879B /* CustomCollectionViewCell.swift */,
				1804F58B24419D520016879B /* LaunchScreen.storyboard */,
			);
			path = View;
			sourceTree = "<group>";
		};
		1804F5982441A0B10016879B /* Model */ = {
			isa = PBXGroup;
			children = (
				1804F5A52441D06B0016879B /* CustomCollectionViewCellModel.swift */,
				18F7DE8B244218DB006CDF6B /* FlickrRequest.swift */,
				18F7DE9124422305006CDF6B /* FlickrObject.swift */,
				18F7DE8F2442218B006CDF6B /* FlickrProvider.swift */,
				18F7DE9324422603006CDF6B /* FlickrDataManager.swift */,
				18F72BDF244311AF005F747B /* HTTP */,
			);
			path = Model;
			sourceTree = "<group>";
		};
		1804F5992441A0DC0016879B /* Resource */ = {
			isa = PBXGroup;
			children = (
				18F7DE89244218A7006CDF6B /* NAConstant.swift */,
				1804F58924419D520016879B /* Assets.xcassets */,
			);
			path = Resource;
			sourceTree = "<group>";
		};
		1804F59A2441A0EC0016879B /* Extension */ = {
			isa = PBXGroup;
			children = (
				18F7DE8D24421CA3006CDF6B /* Bundle+Extension.swift */,
				18F7DE85244204AA006CDF6B /* UICollectionView+Extension.swift */,
				1804F59F2441B1740016879B /* UIView+Extension.swift */,
				1804F59D2441A7750016879B /* UIImage+Extension.swift */,
			);
			path = Extension;
			sourceTree = "<group>";
		};
		18F72BDB24431148005F747B /* Tabbar */ = {
			isa = PBXGroup;
			children = (
				1804F5942441A0920016879B /* NATabbarViewController.swift */,
			);
			path = Tabbar;
			sourceTree = "<group>";
		};
		18F72BDC24431163005F747B /* Favorite */ = {
			isa = PBXGroup;
			children = (
				1804F59B2441A6AE0016879B /* FavoriteViewController.swift */,
			);
			path = Favorite;
			sourceTree = "<group>";
		};
		18F72BDD24431171005F747B /* Content */ = {
			isa = PBXGroup;
			children = (
				1804F5A12441CC250016879B /* ContentViewController.swift */,
			);
			path = Content;
			sourceTree = "<group>";
		};
		18F72BDE24431189005F747B /* Search */ = {
			isa = PBXGroup;
			children = (
				1804F58424419D510016879B /* SearchViewController.swift */,
			);
			path = Search;
			sourceTree = "<group>";
		};
		18F72BDF244311AF005F747B /* HTTP */ = {
			isa = PBXGroup;
			children = (
				18F7DE8724421885006CDF6B /* HTTPClient.swift */,
			);
			path = HTTP;
			sourceTree = "<group>";
		};
/* End PBXGroup section */

/* Begin PBXNativeTarget section */
		1804F57C24419D510016879B /* FlickrDemo */ = {
			isa = PBXNativeTarget;
			buildConfigurationList = 1804F59124419D520016879B /* Build configuration list for PBXNativeTarget "FlickrDemo" */;
			buildPhases = (
				1804F57924419D510016879B /* Sources */,
				1804F57A24419D510016879B /* Frameworks */,
				1804F57B24419D510016879B /* Resources */,
			);
			buildRules = (
			);
			dependencies = (
			);
			name = FlickrDemo;
			productName = FlickrDemo;
			productReference = 1804F57D24419D510016879B /* FlickrDemo.app */;
			productType = "com.apple.product-type.application";
		};
/* End PBXNativeTarget section */

/* Begin PBXProject section */
		1804F57524419D510016879B /* Project object */ = {
			isa = PBXProject;
			attributes = {
				LastSwiftUpdateCheck = 1130;
				LastUpgradeCheck = 1130;
				ORGANIZATIONNAME = neal812220;
				TargetAttributes = {
					1804F57C24419D510016879B = {
						CreatedOnToolsVersion = 11.3;
					};
				};
			};
			buildConfigurationList = 1804F57824419D510016879B /* Build configuration list for PBXProject "FlickrDemo" */;
			compatibilityVersion = "Xcode 9.3";
			developmentRegion = en;
			hasScannedForEncodings = 0;
			knownRegions = (
				en,
				Base,
			);
			mainGroup = 1804F57424419D510016879B;
			productRefGroup = 1804F57E24419D510016879B /* Products */;
			projectDirPath = "";
			projectRoot = "";
			targets = (
				1804F57C24419D510016879B /* FlickrDemo */,
			);
		};
/* End PBXProject section */

/* Begin PBXResourcesBuildPhase section */
		1804F57B24419D510016879B /* Resources */ = {
			isa = PBXResourcesBuildPhase;
			buildActionMask = 2147483647;
			files = (
				1804F58D24419D520016879B /* LaunchScreen.storyboard in Resources */,
				1804F58A24419D520016879B /* Assets.xcassets in Resources */,
			);
			runOnlyForDeploymentPostprocessing = 0;
		};
/* End PBXResourcesBuildPhase section */

/* Begin PBXSourcesBuildPhase section */
		1804F57924419D510016879B /* Sources */ = {
			isa = PBXSourcesBuildPhase;
			buildActionMask = 2147483647;
			files = (
				1804F5A02441B1740016879B /* UIView+Extension.swift in Sources */,
				18F7DE8E24421CA4006CDF6B /* Bundle+Extension.swift in Sources */,
				1804F59E2441A7750016879B /* UIImage+Extension.swift in Sources */,
				1804F5A62441D06B0016879B /* CustomCollectionViewCellModel.swift in Sources */,
				1804F5A42441CECA0016879B /* CustomCollectionViewCell.swift in Sources */,
				18F7DE9424422603006CDF6B /* FlickrDataManager.swift in Sources */,
				1804F58524419D510016879B /* SearchViewController.swift in Sources */,
				1804F5952441A0920016879B /* NATabbarViewController.swift in Sources */,
				18F7DE902442218B006CDF6B /* FlickrProvider.swift in Sources */,
				18F7DE86244204AA006CDF6B /* UICollectionView+Extension.swift in Sources */,
				18F7DE8824421885006CDF6B /* HTTPClient.swift in Sources */,
				18F7DE8A244218A7006CDF6B /* NAConstant.swift in Sources */,
				1804F59C2441A6AE0016879B /* FavoriteViewController.swift in Sources */,
				1804F58124419D510016879B /* AppDelegate.swift in Sources */,
				18F7DE8C244218DB006CDF6B /* FlickrRequest.swift in Sources */,
				1804F5A22441CC250016879B /* ContentViewController.swift in Sources */,
				18F7DE9224422306006CDF6B /* FlickrObject.swift in Sources */,
			);
			runOnlyForDeploymentPostprocessing = 0;
		};
/* End PBXSourcesBuildPhase section */

/* Begin PBXVariantGroup section */
		1804F58B24419D520016879B /* LaunchScreen.storyboard */ = {
			isa = PBXVariantGroup;
			children = (
				1804F58C24419D520016879B /* Base */,
			);
			name = LaunchScreen.storyboard;
			sourceTree = "<group>";
		};
/* End PBXVariantGroup section */

/* Begin XCBuildConfiguration section */
		1804F58F24419D520016879B /* Debug */ = {
			isa = XCBuildConfiguration;
			buildSettings = {
				ALWAYS_SEARCH_USER_PATHS = NO;
				CLANG_ANALYZER_NONNULL = YES;
				CLANG_ANALYZER_NUMBER_OBJECT_CONVERSION = YES_AGGRESSIVE;
				CLANG_CXX_LANGUAGE_STANDARD = "gnu++14";
				CLANG_CXX_LIBRARY = "libc++";
				CLANG_ENABLE_MODULES = YES;
				CLANG_ENABLE_OBJC_ARC = YES;
				CLANG_ENABLE_OBJC_WEAK = YES;
				CLANG_WARN_BLOCK_CAPTURE_AUTORELEASING = YES;
				CLANG_WARN_BOOL_CONVERSION = YES;
				CLANG_WARN_COMMA = YES;
				CLANG_WARN_CONSTANT_CONVERSION = YES;
				CLANG_WARN_DEPRECATED_OBJC_IMPLEMENTATIONS = YES;
				CLANG_WARN_DIRECT_OBJC_ISA_USAGE = YES_ERROR;
				CLANG_WARN_DOCUMENTATION_COMMENTS = YES;
				CLANG_WARN_EMPTY_BODY = YES;
				CLANG_WARN_ENUM_CONVERSION = YES;
				CLANG_WARN_INFINITE_RECURSION = YES;
				CLANG_WARN_INT_CONVERSION = YES;
				CLANG_WARN_NON_LITERAL_NULL_CONVERSION = YES;
				CLANG_WARN_OBJC_IMPLICIT_RETAIN_SELF = YES;
				CLANG_WARN_OBJC_LITERAL_CONVERSION = YES;
				CLANG_WARN_OBJC_ROOT_CLASS = YES_ERROR;
				CLANG_WARN_RANGE_LOOP_ANALYSIS = YES;
				CLANG_WARN_STRICT_PROTOTYPES = YES;
				CLANG_WARN_SUSPICIOUS_MOVE = YES;
				CLANG_WARN_UNGUARDED_AVAILABILITY = YES_AGGRESSIVE;
				CLANG_WARN_UNREACHABLE_CODE = YES;
				CLANG_WARN__DUPLICATE_METHOD_MATCH = YES;
				COPY_PHASE_STRIP = NO;
				DEBUG_INFORMATION_FORMAT = dwarf;
				ENABLE_STRICT_OBJC_MSGSEND = YES;
				ENABLE_TESTABILITY = YES;
				GCC_C_LANGUAGE_STANDARD = gnu11;
				GCC_DYNAMIC_NO_PIC = NO;
				GCC_NO_COMMON_BLOCKS = YES;
				GCC_OPTIMIZATION_LEVEL = 0;
				GCC_PREPROCESSOR_DEFINITIONS = (
					"DEBUG=1",
					"$(inherited)",
				);
				GCC_WARN_64_TO_32_BIT_CONVERSION = YES;
				GCC_WARN_ABOUT_RETURN_TYPE = YES_ERROR;
				GCC_WARN_UNDECLARED_SELECTOR = YES;
				GCC_WARN_UNINITIALIZED_AUTOS = YES_AGGRESSIVE;
				GCC_WARN_UNUSED_FUNCTION = YES;
				GCC_WARN_UNUSED_VARIABLE = YES;
				IPHONEOS_DEPLOYMENT_TARGET = 13.2;
				MTL_ENABLE_DEBUG_INFO = INCLUDE_SOURCE;
				MTL_FAST_MATH = YES;
				ONLY_ACTIVE_ARCH = YES;
				SDKROOT = iphoneos;
				SWIFT_ACTIVE_COMPILATION_CONDITIONS = DEBUG;
				SWIFT_OPTIMIZATION_LEVEL = "-Onone";
			};
			name = Debug;
		};
		1804F59024419D520016879B /* Release */ = {
			isa = XCBuildConfiguration;
			buildSettings = {
				ALWAYS_SEARCH_USER_PATHS = NO;
				CLANG_ANALYZER_NONNULL = YES;
				CLANG_ANALYZER_NUMBER_OBJECT_CONVERSION = YES_AGGRESSIVE;
				CLANG_CXX_LANGUAGE_STANDARD = "gnu++14";
				CLANG_CXX_LIBRARY = "libc++";
				CLANG_ENABLE_MODULES = YES;
				CLANG_ENABLE_OBJC_ARC = YES;
				CLANG_ENABLE_OBJC_WEAK = YES;
				CLANG_WARN_BLOCK_CAPTURE_AUTORELEASING = YES;
				CLANG_WARN_BOOL_CONVERSION = YES;
				CLANG_WARN_COMMA = YES;
				CLANG_WARN_CONSTANT_CONVERSION = YES;
				CLANG_WARN_DEPRECATED_OBJC_IMPLEMENTATIONS = YES;
				CLANG_WARN_DIRECT_OBJC_ISA_USAGE = YES_ERROR;
				CLANG_WARN_DOCUMENTATION_COMMENTS = YES;
				CLANG_WARN_EMPTY_BODY = YES;
				CLANG_WARN_ENUM_CONVERSION = YES;
				CLANG_WARN_INFINITE_RECURSION = YES;
				CLANG_WARN_INT_CONVERSION = YES;
				CLANG_WARN_NON_LITERAL_NULL_CONVERSION = YES;
				CLANG_WARN_OBJC_IMPLICIT_RETAIN_SELF = YES;
				CLANG_WARN_OBJC_LITERAL_CONVERSION = YES;
				CLANG_WARN_OBJC_ROOT_CLASS = YES_ERROR;
				CLANG_WARN_RANGE_LOOP_ANALYSIS = YES;
				CLANG_WARN_STRICT_PROTOTYPES = YES;
				CLANG_WARN_SUSPICIOUS_MOVE = YES;
				CLANG_WARN_UNGUARDED_AVAILABILITY = YES_AGGRESSIVE;
				CLANG_WARN_UNREACHABLE_CODE = YES;
				CLANG_WARN__DUPLICATE_METHOD_MATCH = YES;
				COPY_PHASE_STRIP = NO;
				DEBUG_INFORMATION_FORMAT = "dwarf-with-dsym";
				ENABLE_NS_ASSERTIONS = NO;
				ENABLE_STRICT_OBJC_MSGSEND = YES;
				GCC_C_LANGUAGE_STANDARD = gnu11;
				GCC_NO_COMMON_BLOCKS = YES;
				GCC_WARN_64_TO_32_BIT_CONVERSION = YES;
				GCC_WARN_ABOUT_RETURN_TYPE = YES_ERROR;
				GCC_WARN_UNDECLARED_SELECTOR = YES;
				GCC_WARN_UNINITIALIZED_AUTOS = YES_AGGRESSIVE;
				GCC_WARN_UNUSED_FUNCTION = YES;
				GCC_WARN_UNUSED_VARIABLE = YES;
				IPHONEOS_DEPLOYMENT_TARGET = 13.2;
				MTL_ENABLE_DEBUG_INFO = NO;
				MTL_FAST_MATH = YES;
				SDKROOT = iphoneos;
				SWIFT_COMPILATION_MODE = wholemodule;
				SWIFT_OPTIMIZATION_LEVEL = "-O";
				VALIDATE_PRODUCT = YES;
			};
			name = Release;
		};
		1804F59224419D520016879B /* Debug */ = {
			isa = XCBuildConfiguration;
			buildSettings = {
				ASSETCATALOG_COMPILER_APPICON_NAME = AppIcon;
				CODE_SIGN_STYLE = Automatic;
				DEVELOPMENT_TEAM = 9W3FMHPU3X;
				INFOPLIST_FILE = FlickrDemo/Info.plist;
				LD_RUNPATH_SEARCH_PATHS = (
					"$(inherited)",
					"@executable_path/Frameworks",
				);
				PRODUCT_BUNDLE_IDENTIFIER = com.neal811220.FlickrDemo;
				PRODUCT_NAME = "$(TARGET_NAME)";
				SWIFT_VERSION = 5.0;
				TARGETED_DEVICE_FAMILY = "1,2";
			};
			name = Debug;
		};
		1804F59324419D520016879B /* Release */ = {
			isa = XCBuildConfiguration;
			buildSettings = {
				ASSETCATALOG_COMPILER_APPICON_NAME = AppIcon;
				CODE_SIGN_STYLE = Automatic;
				DEVELOPMENT_TEAM = 9W3FMHPU3X;
				INFOPLIST_FILE = FlickrDemo/Info.plist;
				LD_RUNPATH_SEARCH_PATHS = (
					"$(inherited)",
					"@executable_path/Frameworks",
				);
				PRODUCT_BUNDLE_IDENTIFIER = com.neal811220.FlickrDemo;
				PRODUCT_NAME = "$(TARGET_NAME)";
				SWIFT_VERSION = 5.0;
				TARGETED_DEVICE_FAMILY = "1,2";
			};
			name = Release;
		};
/* End XCBuildConfiguration section */

/* Begin XCConfigurationList section */
		1804F57824419D510016879B /* Build configuration list for PBXProject "FlickrDemo" */ = {
			isa = XCConfigurationList;
			buildConfigurations = (
				1804F58F24419D520016879B /* Debug */,
				1804F59024419D520016879B /* Release */,
			);
			defaultConfigurationIsVisible = 0;
			defaultConfigurationName = Release;
		};
		1804F59124419D520016879B /* Build configuration list for PBXNativeTarget "FlickrDemo" */ = {
			isa = XCConfigurationList;
			buildConfigurations = (
				1804F59224419D520016879B /* Debug */,
				1804F59324419D520016879B /* Release */,
			);
			defaultConfigurationIsVisible = 0;
			defaultConfigurationName = Release;
		};
/* End XCConfigurationList section */
	};
	rootObject = 1804F57524419D510016879B /* Project object */;
}
